
Microsoft Visual Studio Solution File, Format Version 12.00
# Visual Studio Version 17
VisualStudioVersion = 17.9.34902.65
MinimumVisualStudioVersion = 10.0.40219.1
Project("{FAE04EC0-301F-11D3-BF4B-00C04F79EFBC}") = "GameTournament.Api", "GameTournament.Api\GameTournament.Api.csproj", "{56B81DA7-4DB0-4D6D-AF4E-8AE3929EDD64}"
EndProject
Project("{FAE04EC0-301F-11D3-BF4B-00C04F79EFBC}") = "GameTournament.Core", "GameTournament.Core\GameTournament.Core.csproj", "{6BC70733-A20C-42BE-A110-82D8E88D1AD3}"
EndProject
Project("{FAE04EC0-301F-11D3-BF4B-00C04F79EFBC}") = "GameTournament.Data", "GameTournament.Data\GameTournament.Data.csproj", "{EAE8CE3D-AD2B-4D45-BC2F-1764F8282574}"
EndProject
Global
	GlobalSection(SolutionConfigurationPlatforms) = preSolution
		Debug|Any CPU = Debug|Any CPU
		Release|Any CPU = Release|Any CPU
	EndGlobalSection
	GlobalSection(ProjectConfigurationPlatforms) = postSolution
		{56B81DA7-4DB0-4D6D-AF4E-8AE3929EDD64}.Debug|Any CPU.ActiveCfg = Debug|Any CPU
		{56B81DA7-4DB0-4D6D-AF4E-8AE3929EDD64}.Debug|Any CPU.Build.0 = Debug|Any CPU
		{56B81DA7-4DB0-4D6D-AF4E-8AE3929EDD64}.Release|Any CPU.ActiveCfg = Release|Any CPU
		{56B81DA7-4DB0-4D6D-AF4E-8AE3929EDD64}.Release|Any CPU.Build.0 = Release|Any CPU
		{6BC70733-A20C-42BE-A110-82D8E88D1AD3}.Debug|Any CPU.ActiveCfg = Debug|Any CPU
		{6BC70733-A20C-42BE-A110-82D8E88D1AD3}.Debug|Any CPU.Build.0 = Debug|Any CPU
		{6BC70733-A20C-42BE-A110-82D8E88D1AD3}.Release|Any CPU.ActiveCfg = Release|Any CPU
		{6BC70733-A20C-42BE-A110-82D8E88D1AD3}.Release|Any CPU.Build.0 = Release|Any CPU
		{EAE8CE3D-AD2B-4D45-BC2F-1764F8282574}.Debug|Any CPU.ActiveCfg = Debug|Any CPU
		{EAE8CE3D-AD2B-4D45-BC2F-1764F8282574}.Debug|Any CPU.Build.0 = Debug|Any CPU
		{EAE8CE3D-AD2B-4D45-BC2F-1764F8282574}.Release|Any CPU.ActiveCfg = Release|Any CPU
		{EAE8CE3D-AD2B-4D45-BC2F-1764F8282574}.Release|Any CPU.Build.0 = Release|Any CPU
	EndGlobalSection
	GlobalSection(SolutionProperties) = preSolution
		HideSolutionNode = FALSE
	EndGlobalSection
	GlobalSection(ExtensibilityGlobals) = postSolution
		SolutionGuid = {17B131FD-34B7-4250-8F8B-F854D376D93A}
	EndGlobalSection
EndGlobal
